{
  "name": "ezamazonaffiliate",
  "version": "1.0.0",
  "lockfileVersion": 2,
  "requires": true,
  "packages": {
    "": {
      "name": "ezamazonaffiliate",
      "version": "1.0.0",
      "license": "ISC",
      "dependencies": {
        "ezamazonaffiliate": "^1.0.0"
      },
      "devDependencies": {}
    },
    "node_modules/ezamazonaffiliate": {
      "version": "1.0.0",
      "resolved": "https://registry.npmjs.org/ezamazonaffiliate/-/ezamazonaffiliate-1.0.0.tgz",
      "integrity": "sha512-UsBI43WrmUjD3Jh98vf3VoqTQRYI5yJZn1n/L8uhj0O6jXUGp/KH3JMhUk2cLnBcwc/ffPCxvpPJutu9sP8Hfg=="
    }
  },
  "dependencies": {
    "ezamazonaffiliate": {
      "version": "1.0.0",
      "resolved": "https://registry.npmjs.org/ezamazonaffiliate/-/ezamazonaffiliate-1.0.0.tgz",
      "integrity": "sha512-UsBI43WrmUjD3Jh98vf3VoqTQRYI5yJZn1n/L8uhj0O6jXUGp/KH3JMhUk2cLnBcwc/ffPCxvpPJutu9sP8Hfg=="
    }
  }
}
